
Microsoft Visual Studio Solution File, Format Version 12.00
# Visual Studio Version 17
VisualStudioVersion = 17.0.32014.148
MinimumVisualStudioVersion = 10.0.40219.1
Project("{9A19103F-16F7-4668-BE54-9A1E7A4F7556}") = "Cardicon", "Cardicon.csproj", "{EAF358E0-D587-4C3C-89F2-4981F144D49D}"
EndProject
Global
	GlobalSection(SolutionConfigurationPlatforms) = preSolution
		Debug|Any CPU = Debug|Any CPU
		Release|Any CPU = Release|Any CPU
	EndGlobalSection
	GlobalSection(ProjectConfigurationPlatforms) = postSolution
		{EAF358E0-D587-4C3C-89F2-4981F144D49D}.Debug|Any CPU.ActiveCfg = Debug|Any CPU
		{EAF358E0-D587-4C3C-89F2-4981F144D49D}.Debug|Any CPU.Build.0 = Debug|Any CPU
		{EAF358E0-D587-4C3C-89F2-4981F144D49D}.Release|Any CPU.ActiveCfg = Release|Any CPU
		{EAF358E0-D587-4C3C-89F2-4981F144D49D}.Release|Any CPU.Build.0 = Release|Any CPU
	EndGlobalSection
	GlobalSection(SolutionProperties) = preSolution
		HideSolutionNode = FALSE
	EndGlobalSection
	GlobalSection(ExtensibilityGlobals) = postSolution
		SolutionGuid = {C7AC5AF8-5E76-4724-B4ED-2E48BE1CB004}
	EndGlobalSection
EndGlobal
